
Microsoft Visual Studio Solution File, Format Version 12.00
# Visual Studio 2012
# Ranorex Studio 10.5.0
VisualStudioVersion = 12.0.20827.3
MinimumVisualStudioVersion = 10.0.40219.1
Project("{2150E333-8FDC-42A3-9474-1A3956D46DE8}") = "Solution Items", "Solution Items", "{E93F2B2C-7268-49C2-842F-F3EDFD31B1F9}"
	ProjectSection(SolutionItems) = postProject
		Ranorex = .\Ranorex.rxsettings
	EndProjectSection
EndProject
Project("{FAE04EC0-301F-11D3-BF4B-00C04F79EFBC}") = "jenpdf", "jenpdf\jenpdf.csproj", "{BEB2041A-38DA-4A77-BC09-FB72E4BA3042}"
EndProject
Global
	GlobalSection(SolutionConfigurationPlatforms) = preSolution
		Debug|x86 = Debug|x86
		Release|x86 = Release|x86
	EndGlobalSection
	GlobalSection(ProjectConfigurationPlatforms) = postSolution
		{BEB2041A-38DA-4A77-BC09-FB72E4BA3042}.Debug|x86.Build.0 = Debug|x86
		{BEB2041A-38DA-4A77-BC09-FB72E4BA3042}.Debug|x86.ActiveCfg = Debug|x86
		{BEB2041A-38DA-4A77-BC09-FB72E4BA3042}.Release|x86.Build.0 = Release|x86
		{BEB2041A-38DA-4A77-BC09-FB72E4BA3042}.Release|x86.ActiveCfg = Release|x86
	EndGlobalSection
EndGlobal
